// !$*UTF8*$!
{
	archiveVersion = 1;
	classes = {
	};
	objectVersion = 56;
	objects = {

/* Begin PBXBuildFile section */
		2A2FC27A2AF7B205001064C2 /* RecordTableViewCell.swift in Sources */ = {isa = PBXBuildFile; fileRef = 2A2FC2782AF7B205001064C2 /* RecordTableViewCell.swift */; };
		2A2FC27B2AF7B205001064C2 /* RecordTableViewCell.xib in Resources */ = {isa = PBXBuildFile; fileRef = 2A2FC2792AF7B205001064C2 /* RecordTableViewCell.xib */; };
		2A2FC27D2AF7BE48001064C2 /* RecordListViewController.swift in Sources */ = {isa = PBXBuildFile; fileRef = 2A2FC27C2AF7BE48001064C2 /* RecordListViewController.swift */; };
		2A4EE42C2AD2933F00692E78 /* CommentModel.swift in Sources */ = {isa = PBXBuildFile; fileRef = 2A4EE42B2AD2933F00692E78 /* CommentModel.swift */; };
		2A6ECA282AD5B82E0010F573 /* NickNameSettingViewController.swift in Sources */ = {isa = PBXBuildFile; fileRef = 2A6ECA272AD5B82E0010F573 /* NickNameSettingViewController.swift */; };
		2A9ABDF62ACBE3D5008CFAFB /* PostModel.swift in Sources */ = {isa = PBXBuildFile; fileRef = 2A9ABDF52ACBE3D5008CFAFB /* PostModel.swift */; };
		2A9ABDF82ACC2716008CFAFB /* UploadViewController.swift in Sources */ = {isa = PBXBuildFile; fileRef = 2A9ABDF72ACC2716008CFAFB /* UploadViewController.swift */; };
		2AB611492ACC328500F03623 /* DataManager.swift in Sources */ = {isa = PBXBuildFile; fileRef = 2AB611482ACC328400F03623 /* DataManager.swift */; };
		2AB611612ACC42A500F03623 /* RxCocoa in Frameworks */ = {isa = PBXBuildFile; productRef = 2AB611602ACC42A500F03623 /* RxCocoa */; };
		2AB611632ACC42A500F03623 /* RxSwift in Frameworks */ = {isa = PBXBuildFile; productRef = 2AB611622ACC42A500F03623 /* RxSwift */; };
		2AB611662AD02B3A00F03623 /* SwiftDate in Frameworks */ = {isa = PBXBuildFile; productRef = 2AB611652AD02B3A00F03623 /* SwiftDate */; };
		2AB611682AD1B66F00F03623 /* UserModel.swift in Sources */ = {isa = PBXBuildFile; fileRef = 2AB611672AD1B66F00F03623 /* UserModel.swift */; };
		2AB8334E2ACB2584000BC44E /* KakaoSDKAuth in Frameworks */ = {isa = PBXBuildFile; productRef = 2AB8334D2ACB2584000BC44E /* KakaoSDKAuth */; };
		2AB833502ACB2584000BC44E /* KakaoSDKCommon in Frameworks */ = {isa = PBXBuildFile; productRef = 2AB8334F2ACB2584000BC44E /* KakaoSDKCommon */; };
		2AB833522ACB2584000BC44E /* KakaoSDKUser in Frameworks */ = {isa = PBXBuildFile; productRef = 2AB833512ACB2584000BC44E /* KakaoSDKUser */; };
		2AB833562ACB3853000BC44E /* KakaoAuthManager.swift in Sources */ = {isa = PBXBuildFile; fileRef = 2AB833552ACB3853000BC44E /* KakaoAuthManager.swift */; };
		2AB833582ACB4731000BC44E /* GoogleService-Info.plist in Resources */ = {isa = PBXBuildFile; fileRef = 2AB833572ACB4731000BC44E /* GoogleService-Info.plist */; };
		2AB8335E2ACB591D000BC44E /* PostDetailTableViewCell.swift in Sources */ = {isa = PBXBuildFile; fileRef = 2AB8335C2ACB591D000BC44E /* PostDetailTableViewCell.swift */; };
		2AB8335F2ACB591D000BC44E /* PostDetailTableViewCell.xib in Resources */ = {isa = PBXBuildFile; fileRef = 2AB8335D2ACB591D000BC44E /* PostDetailTableViewCell.xib */; };
		2AB833622ACB5A1F000BC44E /* CommentsTableViewCell.swift in Sources */ = {isa = PBXBuildFile; fileRef = 2AB833602ACB5A1E000BC44E /* CommentsTableViewCell.swift */; };
		2AB833632ACB5A1F000BC44E /* CommentsTableViewCell.xib in Resources */ = {isa = PBXBuildFile; fileRef = 2AB833612ACB5A1F000BC44E /* CommentsTableViewCell.xib */; };
		2AB833652ACB5CCF000BC44E /* PostDetailViewController.swift in Sources */ = {isa = PBXBuildFile; fileRef = 2AB833642ACB5CCF000BC44E /* PostDetailViewController.swift */; };
		2AB833772ACBE13D000BC44E /* FirebaseAnalytics in Frameworks */ = {isa = PBXBuildFile; productRef = 2AB833762ACBE13D000BC44E /* FirebaseAnalytics */; };
		2AB833792ACBE13D000BC44E /* FirebaseAuth in Frameworks */ = {isa = PBXBuildFile; productRef = 2AB833782ACBE13D000BC44E /* FirebaseAuth */; };
		2AB8337B2ACBE13D000BC44E /* FirebaseCrashlytics in Frameworks */ = {isa = PBXBuildFile; productRef = 2AB8337A2ACBE13D000BC44E /* FirebaseCrashlytics */; };
		2AB8337D2ACBE13D000BC44E /* FirebaseDynamicLinks in Frameworks */ = {isa = PBXBuildFile; productRef = 2AB8337C2ACBE13D000BC44E /* FirebaseDynamicLinks */; };
		2AB8337F2ACBE13D000BC44E /* FirebaseFirestore in Frameworks */ = {isa = PBXBuildFile; productRef = 2AB8337E2ACBE13D000BC44E /* FirebaseFirestore */; };
		2AB833812ACBE13D000BC44E /* FirebaseInAppMessaging-Beta in Frameworks */ = {isa = PBXBuildFile; productRef = 2AB833802ACBE13D000BC44E /* FirebaseInAppMessaging-Beta */; };
		2AB833832ACBE13D000BC44E /* FirebaseMessaging in Frameworks */ = {isa = PBXBuildFile; productRef = 2AB833822ACBE13D000BC44E /* FirebaseMessaging */; };
		2AB833852ACBE13D000BC44E /* FirebaseRemoteConfig in Frameworks */ = {isa = PBXBuildFile; productRef = 2AB833842ACBE13D000BC44E /* FirebaseRemoteConfig */; };
		2AB833872ACBE13D000BC44E /* FirebaseStorage in Frameworks */ = {isa = PBXBuildFile; productRef = 2AB833862ACBE13D000BC44E /* FirebaseStorage */; };
		2AB9C0612AF12DEC00C1F357 /* NickNameSettingViewModel.swift in Sources */ = {isa = PBXBuildFile; fileRef = 2AB9C0602AF12DEC00C1F357 /* NickNameSettingViewModel.swift */; };
		2AB9C0642AF1640000C1F357 /* UIViewControllerLoginAlert.swift in Sources */ = {isa = PBXBuildFile; fileRef = 2AB9C0632AF1640000C1F357 /* UIViewControllerLoginAlert.swift */; };
		2AC756922ACAC9E1002CE496 /* MainTabBarController.swift in Sources */ = {isa = PBXBuildFile; fileRef = 2AC756912ACAC9E1002CE496 /* MainTabBarController.swift */; };
		2AC756942ACACA4F002CE496 /* MyPageViewController.swift in Sources */ = {isa = PBXBuildFile; fileRef = 2AC756932ACACA4F002CE496 /* MyPageViewController.swift */; };
		2AC756962ACACA59002CE496 /* LogInViewController.swift in Sources */ = {isa = PBXBuildFile; fileRef = 2AC756952ACACA59002CE496 /* LogInViewController.swift */; };
		2AC756992ACACB5B002CE496 /* LoginManager.swift in Sources */ = {isa = PBXBuildFile; fileRef = 2AC756982ACACB5B002CE496 /* LoginManager.swift */; };
		2ACEFAB52AD9B15D00A8B942 /* NotificationViewController.swift in Sources */ = {isa = PBXBuildFile; fileRef = 2ACEFAB42AD9B15D00A8B942 /* NotificationViewController.swift */; };
		2ACEFAB82AD9B1A400A8B942 /* NotificationTableViewCell.swift in Sources */ = {isa = PBXBuildFile; fileRef = 2ACEFAB62AD9B1A400A8B942 /* NotificationTableViewCell.swift */; };
		2ACEFAB92AD9B1A400A8B942 /* NotificationTableViewCell.xib in Resources */ = {isa = PBXBuildFile; fileRef = 2ACEFAB72AD9B1A400A8B942 /* NotificationTableViewCell.xib */; };
		2ACEFABC2AD9B5E700A8B942 /* NotificationNonLoginTableViewCell.swift in Sources */ = {isa = PBXBuildFile; fileRef = 2ACEFABA2AD9B5E700A8B942 /* NotificationNonLoginTableViewCell.swift */; };
		2ACEFABD2AD9B5E700A8B942 /* NotificationNonLoginTableViewCell.xib in Resources */ = {isa = PBXBuildFile; fileRef = 2ACEFABB2AD9B5E700A8B942 /* NotificationNonLoginTableViewCell.xib */; };
		2ACEFABF2AD9B69A00A8B942 /* NotificationModel.swift in Sources */ = {isa = PBXBuildFile; fileRef = 2ACEFABE2AD9B69A00A8B942 /* NotificationModel.swift */; };
		2AD5B64B2AE2A23200F73229 /* PostDetailViewModel.swift in Sources */ = {isa = PBXBuildFile; fileRef = 2AD5B64A2AE2A23100F73229 /* PostDetailViewModel.swift */; };
		2ADCB96C2AC2F309002FCB4C /* AppDelegate.swift in Sources */ = {isa = PBXBuildFile; fileRef = 2ADCB96B2AC2F309002FCB4C /* AppDelegate.swift */; };
		2ADCB96E2AC2F309002FCB4C /* SceneDelegate.swift in Sources */ = {isa = PBXBuildFile; fileRef = 2ADCB96D2AC2F309002FCB4C /* SceneDelegate.swift */; };
		2ADCB9702AC2F309002FCB4C /* CommunityViewController.swift in Sources */ = {isa = PBXBuildFile; fileRef = 2ADCB96F2AC2F309002FCB4C /* CommunityViewController.swift */; };
		2ADCB9732AC2F309002FCB4C /* Main.storyboard in Resources */ = {isa = PBXBuildFile; fileRef = 2ADCB9712AC2F309002FCB4C /* Main.storyboard */; };
		2ADCB9752AC2F30B002FCB4C /* Assets.xcassets in Resources */ = {isa = PBXBuildFile; fileRef = 2ADCB9742AC2F30B002FCB4C /* Assets.xcassets */; };
		2ADCB9782AC2F30B002FCB4C /* LaunchScreen.storyboard in Resources */ = {isa = PBXBuildFile; fileRef = 2ADCB9762AC2F30B002FCB4C /* LaunchScreen.storyboard */; };
		2ADCB9832ACA7F06002FCB4C /* PostTableViewCell.swift in Sources */ = {isa = PBXBuildFile; fileRef = 2ADCB9812ACA7F06002FCB4C /* PostTableViewCell.swift */; };
		2ADCB9842ACA7F06002FCB4C /* PostTableViewCell.xib in Resources */ = {isa = PBXBuildFile; fileRef = 2ADCB9822ACA7F06002FCB4C /* PostTableViewCell.xib */; };
/* End PBXBuildFile section */

/* Begin PBXFileReference section */
		2A2FC2782AF7B205001064C2 /* RecordTableViewCell.swift */ = {isa = PBXFileReference; lastKnownFileType = sourcecode.swift; path = RecordTableViewCell.swift; sourceTree = "<group>"; };
		2A2FC2792AF7B205001064C2 /* RecordTableViewCell.xib */ = {isa = PBXFileReference; lastKnownFileType = file.xib; path = RecordTableViewCell.xib; sourceTree = "<group>"; };
		2A2FC27C2AF7BE48001064C2 /* RecordListViewController.swift */ = {isa = PBXFileReference; lastKnownFileType = sourcecode.swift; path = RecordListViewController.swift; sourceTree = "<group>"; };
		2A4EE42B2AD2933F00692E78 /* CommentModel.swift */ = {isa = PBXFileReference; lastKnownFileType = sourcecode.swift; path = CommentModel.swift; sourceTree = "<group>"; };
		2A4EE42D2AD296A700692E78 /* ko */ = {isa = PBXFileReference; lastKnownFileType = text.plist.strings; name = ko; path = ko.lproj/Main.strings; sourceTree = "<group>"; };
		2A4EE42E2AD296A700692E78 /* ko */ = {isa = PBXFileReference; lastKnownFileType = text.plist.strings; name = ko; path = ko.lproj/LaunchScreen.strings; sourceTree = "<group>"; };
		2A6ECA272AD5B82E0010F573 /* NickNameSettingViewController.swift */ = {isa = PBXFileReference; lastKnownFileType = sourcecode.swift; path = NickNameSettingViewController.swift; sourceTree = "<group>"; };
		2A9ABDF52ACBE3D5008CFAFB /* PostModel.swift */ = {isa = PBXFileReference; lastKnownFileType = sourcecode.swift; path = PostModel.swift; sourceTree = "<group>"; };
		2A9ABDF72ACC2716008CFAFB /* UploadViewController.swift */ = {isa = PBXFileReference; lastKnownFileType = sourcecode.swift; path = UploadViewController.swift; sourceTree = "<group>"; };
		2AB611482ACC328400F03623 /* DataManager.swift */ = {isa = PBXFileReference; lastKnownFileType = sourcecode.swift; path = DataManager.swift; sourceTree = "<group>"; };
		2AB611672AD1B66F00F03623 /* UserModel.swift */ = {isa = PBXFileReference; lastKnownFileType = sourcecode.swift; path = UserModel.swift; sourceTree = "<group>"; };
		2AB833532ACB2965000BC44E /* Config.xcconfig */ = {isa = PBXFileReference; lastKnownFileType = text.xcconfig; path = Config.xcconfig; sourceTree = "<group>"; };
		2AB833552ACB3853000BC44E /* KakaoAuthManager.swift */ = {isa = PBXFileReference; lastKnownFileType = sourcecode.swift; path = KakaoAuthManager.swift; sourceTree = "<group>"; };
		2AB833572ACB4731000BC44E /* GoogleService-Info.plist */ = {isa = PBXFileReference; fileEncoding = 4; lastKnownFileType = text.plist.xml; path = "GoogleService-Info.plist"; sourceTree = "<group>"; };
		2AB8335C2ACB591D000BC44E /* PostDetailTableViewCell.swift */ = {isa = PBXFileReference; lastKnownFileType = sourcecode.swift; path = PostDetailTableViewCell.swift; sourceTree = "<group>"; };
		2AB8335D2ACB591D000BC44E /* PostDetailTableViewCell.xib */ = {isa = PBXFileReference; lastKnownFileType = file.xib; path = PostDetailTableViewCell.xib; sourceTree = "<group>"; };
		2AB833602ACB5A1E000BC44E /* CommentsTableViewCell.swift */ = {isa = PBXFileReference; lastKnownFileType = sourcecode.swift; path = CommentsTableViewCell.swift; sourceTree = "<group>"; };
		2AB833612ACB5A1F000BC44E /* CommentsTableViewCell.xib */ = {isa = PBXFileReference; lastKnownFileType = file.xib; path = CommentsTableViewCell.xib; sourceTree = "<group>"; };
		2AB833642ACB5CCF000BC44E /* PostDetailViewController.swift */ = {isa = PBXFileReference; lastKnownFileType = sourcecode.swift; path = PostDetailViewController.swift; sourceTree = "<group>"; };
		2AB9C0602AF12DEC00C1F357 /* NickNameSettingViewModel.swift */ = {isa = PBXFileReference; lastKnownFileType = sourcecode.swift; path = NickNameSettingViewModel.swift; sourceTree = "<group>"; };
		2AB9C0632AF1640000C1F357 /* UIViewControllerLoginAlert.swift */ = {isa = PBXFileReference; lastKnownFileType = sourcecode.swift; path = UIViewControllerLoginAlert.swift; sourceTree = "<group>"; };
		2AC756912ACAC9E1002CE496 /* MainTabBarController.swift */ = {isa = PBXFileReference; lastKnownFileType = sourcecode.swift; path = MainTabBarController.swift; sourceTree = "<group>"; };
		2AC756932ACACA4F002CE496 /* MyPageViewController.swift */ = {isa = PBXFileReference; lastKnownFileType = sourcecode.swift; path = MyPageViewController.swift; sourceTree = "<group>"; };
		2AC756952ACACA59002CE496 /* LogInViewController.swift */ = {isa = PBXFileReference; lastKnownFileType = sourcecode.swift; path = LogInViewController.swift; sourceTree = "<group>"; };
		2AC756982ACACB5B002CE496 /* LoginManager.swift */ = {isa = PBXFileReference; lastKnownFileType = sourcecode.swift; path = LoginManager.swift; sourceTree = "<group>"; };
		2ACEFAB42AD9B15D00A8B942 /* NotificationViewController.swift */ = {isa = PBXFileReference; lastKnownFileType = sourcecode.swift; path = NotificationViewController.swift; sourceTree = "<group>"; };
		2ACEFAB62AD9B1A400A8B942 /* NotificationTableViewCell.swift */ = {isa = PBXFileReference; lastKnownFileType = sourcecode.swift; path = NotificationTableViewCell.swift; sourceTree = "<group>"; };
		2ACEFAB72AD9B1A400A8B942 /* NotificationTableViewCell.xib */ = {isa = PBXFileReference; lastKnownFileType = file.xib; path = NotificationTableViewCell.xib; sourceTree = "<group>"; };
		2ACEFABA2AD9B5E700A8B942 /* NotificationNonLoginTableViewCell.swift */ = {isa = PBXFileReference; lastKnownFileType = sourcecode.swift; path = NotificationNonLoginTableViewCell.swift; sourceTree = "<group>"; };
		2ACEFABB2AD9B5E700A8B942 /* NotificationNonLoginTableViewCell.xib */ = {isa = PBXFileReference; lastKnownFileType = file.xib; path = NotificationNonLoginTableViewCell.xib; sourceTree = "<group>"; };
		2ACEFABE2AD9B69A00A8B942 /* NotificationModel.swift */ = {isa = PBXFileReference; lastKnownFileType = sourcecode.swift; path = NotificationModel.swift; sourceTree = "<group>"; };
		2AD5B64A2AE2A23100F73229 /* PostDetailViewModel.swift */ = {isa = PBXFileReference; lastKnownFileType = sourcecode.swift; path = PostDetailViewModel.swift; sourceTree = "<group>"; };
		2ADCB9682AC2F309002FCB4C /* MuseBite.app */ = {isa = PBXFileReference; explicitFileType = wrapper.application; includeInIndex = 0; path = MuseBite.app; sourceTree = BUILT_PRODUCTS_DIR; };
		2ADCB96B2AC2F309002FCB4C /* AppDelegate.swift */ = {isa = PBXFileReference; lastKnownFileType = sourcecode.swift; path = AppDelegate.swift; sourceTree = "<group>"; };
		2ADCB96D2AC2F309002FCB4C /* SceneDelegate.swift */ = {isa = PBXFileReference; lastKnownFileType = sourcecode.swift; path = SceneDelegate.swift; sourceTree = "<group>"; };
		2ADCB96F2AC2F309002FCB4C /* CommunityViewController.swift */ = {isa = PBXFileReference; lastKnownFileType = sourcecode.swift; path = CommunityViewController.swift; sourceTree = "<group>"; };
		2ADCB9722AC2F309002FCB4C /* Base */ = {isa = PBXFileReference; lastKnownFileType = file.storyboard; name = Base; path = Base.lproj/Main.storyboard; sourceTree = "<group>"; };
		2ADCB9742AC2F30B002FCB4C /* Assets.xcassets */ = {isa = PBXFileReference; lastKnownFileType = folder.assetcatalog; path = Assets.xcassets; sourceTree = "<group>"; };
		2ADCB9772AC2F30B002FCB4C /* Base */ = {isa = PBXFileReference; lastKnownFileType = file.storyboard; name = Base; path = Base.lproj/LaunchScreen.storyboard; sourceTree = "<group>"; };
		2ADCB9792AC2F30B002FCB4C /* Info.plist */ = {isa = PBXFileReference; lastKnownFileType = text.plist.xml; path = Info.plist; sourceTree = "<group>"; };
		2ADCB9812ACA7F06002FCB4C /* PostTableViewCell.swift */ = {isa = PBXFileReference; lastKnownFileType = sourcecode.swift; path = PostTableViewCell.swift; sourceTree = "<group>"; };
		2ADCB9822ACA7F06002FCB4C /* PostTableViewCell.xib */ = {isa = PBXFileReference; lastKnownFileType = file.xib; path = PostTableViewCell.xib; sourceTree = "<group>"; };
/* End PBXFileReference section */

/* Begin PBXFrameworksBuildPhase section */
		2ADCB9652AC2F309002FCB4C /* Frameworks */ = {
			isa = PBXFrameworksBuildPhase;
			buildActionMask = 2147483647;
			files = (
				2AB833852ACBE13D000BC44E /* FirebaseRemoteConfig in Frameworks */,
				2AB833502ACB2584000BC44E /* KakaoSDKCommon in Frameworks */,
				2AB611662AD02B3A00F03623 /* SwiftDate in Frameworks */,
				2AB833792ACBE13D000BC44E /* FirebaseAuth in Frameworks */,
				2AB611612ACC42A500F03623 /* RxCocoa in Frameworks */,
				2AB833832ACBE13D000BC44E /* FirebaseMessaging in Frameworks */,
				2AB833812ACBE13D000BC44E /* FirebaseInAppMessaging-Beta in Frameworks */,
				2AB611632ACC42A500F03623 /* RxSwift in Frameworks */,
				2AB833872ACBE13D000BC44E /* FirebaseStorage in Frameworks */,
				2AB8334E2ACB2584000BC44E /* KakaoSDKAuth in Frameworks */,
				2AB8337B2ACBE13D000BC44E /* FirebaseCrashlytics in Frameworks */,
				2AB833772ACBE13D000BC44E /* FirebaseAnalytics in Frameworks */,
				2AB8337F2ACBE13D000BC44E /* FirebaseFirestore in Frameworks */,
				2AB8337D2ACBE13D000BC44E /* FirebaseDynamicLinks in Frameworks */,
				2AB833522ACB2584000BC44E /* KakaoSDKUser in Frameworks */,
			);
			runOnlyForDeploymentPostprocessing = 0;
		};
/* End PBXFrameworksBuildPhase section */

/* Begin PBXGroup section */
		2A9ABDF42ACBE3C0008CFAFB /* Models */ = {
			isa = PBXGroup;
			children = (
				2AB611672AD1B66F00F03623 /* UserModel.swift */,
				2A9ABDF52ACBE3D5008CFAFB /* PostModel.swift */,
				2A4EE42B2AD2933F00692E78 /* CommentModel.swift */,
				2ACEFABE2AD9B69A00A8B942 /* NotificationModel.swift */,
			);
			path = Models;
			sourceTree = "<group>";
		};
		2AAAFDC22AE6813E003C1BFE /* ViewModels */ = {
			isa = PBXGroup;
			children = (
				2AD5B64A2AE2A23100F73229 /* PostDetailViewModel.swift */,
				2AB9C0602AF12DEC00C1F357 /* NickNameSettingViewModel.swift */,
			);
			path = ViewModels;
			sourceTree = "<group>";
		};
		2AB9C0622AF163A900C1F357 /* Extensions */ = {
			isa = PBXGroup;
			children = (
				2AB9C0632AF1640000C1F357 /* UIViewControllerLoginAlert.swift */,
			);
			path = Extensions;
			sourceTree = "<group>";
		};
		2AC756972ACACB21002CE496 /* Managers */ = {
			isa = PBXGroup;
			children = (
				2AC756982ACACB5B002CE496 /* LoginManager.swift */,
				2AB833552ACB3853000BC44E /* KakaoAuthManager.swift */,
				2AB611482ACC328400F03623 /* DataManager.swift */,
			);
			path = Managers;
			sourceTree = "<group>";
		};
		2ADCB95F2AC2F309002FCB4C = {
			isa = PBXGroup;
			children = (
				2ADCB96A2AC2F309002FCB4C /* MuseBite */,
				2ADCB9692AC2F309002FCB4C /* Products */,
			);
			sourceTree = "<group>";
		};
		2ADCB9692AC2F309002FCB4C /* Products */ = {
			isa = PBXGroup;
			children = (
				2ADCB9682AC2F309002FCB4C /* MuseBite.app */,
			);
			name = Products;
			sourceTree = "<group>";
		};
		2ADCB96A2AC2F309002FCB4C /* MuseBite */ = {
			isa = PBXGroup;
			children = (
				2ADCB9712AC2F309002FCB4C /* Main.storyboard */,
				2ADCB96B2AC2F309002FCB4C /* AppDelegate.swift */,
				2ADCB96D2AC2F309002FCB4C /* SceneDelegate.swift */,
				2ADCB97F2ACA7EB3002FCB4C /* ViewControllers */,
				2AAAFDC22AE6813E003C1BFE /* ViewModels */,
				2ADCB9802ACA7EE4002FCB4C /* Views */,
				2A9ABDF42ACBE3C0008CFAFB /* Models */,
				2AC756972ACACB21002CE496 /* Managers */,
				2AB9C0622AF163A900C1F357 /* Extensions */,
				2ADCB9742AC2F30B002FCB4C /* Assets.xcassets */,
				2ADCB9762AC2F30B002FCB4C /* LaunchScreen.storyboard */,
				2ADCB9792AC2F30B002FCB4C /* Info.plist */,
				2AB833572ACB4731000BC44E /* GoogleService-Info.plist */,
				2AB833532ACB2965000BC44E /* Config.xcconfig */,
			);
			path = MuseBite;
			sourceTree = "<group>";
		};
		2ADCB97F2ACA7EB3002FCB4C /* ViewControllers */ = {
			isa = PBXGroup;
			children = (
				2ADCB96F2AC2F309002FCB4C /* CommunityViewController.swift */,
				2AC756912ACAC9E1002CE496 /* MainTabBarController.swift */,
				2AB833642ACB5CCF000BC44E /* PostDetailViewController.swift */,
				2AC756932ACACA4F002CE496 /* MyPageViewController.swift */,
				2AC756952ACACA59002CE496 /* LogInViewController.swift */,
				2A9ABDF72ACC2716008CFAFB /* UploadViewController.swift */,
				2A6ECA272AD5B82E0010F573 /* NickNameSettingViewController.swift */,
				2ACEFAB42AD9B15D00A8B942 /* NotificationViewController.swift */,
				2A2FC27C2AF7BE48001064C2 /* RecordListViewController.swift */,
			);
			path = ViewControllers;
			sourceTree = "<group>";
		};
		2ADCB9802ACA7EE4002FCB4C /* Views */ = {
			isa = PBXGroup;
			children = (
				2ADCB9812ACA7F06002FCB4C /* PostTableViewCell.swift */,
				2ADCB9822ACA7F06002FCB4C /* PostTableViewCell.xib */,
				2AB8335C2ACB591D000BC44E /* PostDetailTableViewCell.swift */,
				2AB8335D2ACB591D000BC44E /* PostDetailTableViewCell.xib */,
				2AB833602ACB5A1E000BC44E /* CommentsTableViewCell.swift */,
				2AB833612ACB5A1F000BC44E /* CommentsTableViewCell.xib */,
				2ACEFAB62AD9B1A400A8B942 /* NotificationTableViewCell.swift */,
				2ACEFAB72AD9B1A400A8B942 /* NotificationTableViewCell.xib */,
				2ACEFABA2AD9B5E700A8B942 /* NotificationNonLoginTableViewCell.swift */,
				2ACEFABB2AD9B5E700A8B942 /* NotificationNonLoginTableViewCell.xib */,
				2A2FC2782AF7B205001064C2 /* RecordTableViewCell.swift */,
				2A2FC2792AF7B205001064C2 /* RecordTableViewCell.xib */,
			);
			path = Views;
			sourceTree = "<group>";
		};
/* End PBXGroup section */

/* Begin PBXNativeTarget section */
		2ADCB9672AC2F309002FCB4C /* MuseBite */ = {
			isa = PBXNativeTarget;
			buildConfigurationList = 2ADCB97C2AC2F30B002FCB4C /* Build configuration list for PBXNativeTarget "MuseBite" */;
			buildPhases = (
				2ADCB9642AC2F309002FCB4C /* Sources */,
				2ADCB9652AC2F309002FCB4C /* Frameworks */,
				2ADCB9662AC2F309002FCB4C /* Resources */,
			);
			buildRules = (
			);
			dependencies = (
			);
			name = MuseBite;
			packageProductDependencies = (
				2AB8334D2ACB2584000BC44E /* KakaoSDKAuth */,
				2AB8334F2ACB2584000BC44E /* KakaoSDKCommon */,
				2AB833512ACB2584000BC44E /* KakaoSDKUser */,
				2AB833762ACBE13D000BC44E /* FirebaseAnalytics */,
				2AB833782ACBE13D000BC44E /* FirebaseAuth */,
				2AB8337A2ACBE13D000BC44E /* FirebaseCrashlytics */,
				2AB8337C2ACBE13D000BC44E /* FirebaseDynamicLinks */,
				2AB8337E2ACBE13D000BC44E /* FirebaseFirestore */,
				2AB833802ACBE13D000BC44E /* FirebaseInAppMessaging-Beta */,
				2AB833822ACBE13D000BC44E /* FirebaseMessaging */,
				2AB833842ACBE13D000BC44E /* FirebaseRemoteConfig */,
				2AB833862ACBE13D000BC44E /* FirebaseStorage */,
				2AB611602ACC42A500F03623 /* RxCocoa */,
				2AB611622ACC42A500F03623 /* RxSwift */,
				2AB611652AD02B3A00F03623 /* SwiftDate */,
			);
			productName = MuseBite;
			productReference = 2ADCB9682AC2F309002FCB4C /* MuseBite.app */;
			productType = "com.apple.product-type.application";
		};
/* End PBXNativeTarget section */

/* Begin PBXProject section */
		2ADCB9602AC2F309002FCB4C /* Project object */ = {
			isa = PBXProject;
			attributes = {
				BuildIndependentTargetsInParallel = 1;
				LastSwiftUpdateCheck = 1430;
				LastUpgradeCheck = 1430;
				TargetAttributes = {
					2ADCB9672AC2F309002FCB4C = {
						CreatedOnToolsVersion = 14.3.1;
					};
				};
			};
			buildConfigurationList = 2ADCB9632AC2F309002FCB4C /* Build configuration list for PBXProject "MuseBite" */;
			compatibilityVersion = "Xcode 14.0";
			developmentRegion = ko;
			hasScannedForEncodings = 0;
			knownRegions = (
				en,
				Base,
				ko,
			);
			mainGroup = 2ADCB95F2AC2F309002FCB4C;
			packageReferences = (
				2AB8334C2ACB2584000BC44E /* XCRemoteSwiftPackageReference "kakao-ios-sdk" */,
				2AB833752ACBE13C000BC44E /* XCRemoteSwiftPackageReference "firebase-ios-sdk" */,
				2AB6115F2ACC42A500F03623 /* XCRemoteSwiftPackageReference "RxSwift" */,
				2AB611642AD02B3A00F03623 /* XCRemoteSwiftPackageReference "SwiftDate" */,
			);
			productRefGroup = 2ADCB9692AC2F309002FCB4C /* Products */;
			projectDirPath = "";
			projectRoot = "";
			targets = (
				2ADCB9672AC2F309002FCB4C /* MuseBite */,
			);
		};
/* End PBXProject section */

/* Begin PBXResourcesBuildPhase section */
		2ADCB9662AC2F309002FCB4C /* Resources */ = {
			isa = PBXResourcesBuildPhase;
			buildActionMask = 2147483647;
			files = (
				2ACEFAB92AD9B1A400A8B942 /* NotificationTableViewCell.xib in Resources */,
				2AB8335F2ACB591D000BC44E /* PostDetailTableViewCell.xib in Resources */,
				2ADCB9782AC2F30B002FCB4C /* LaunchScreen.storyboard in Resources */,
				2ADCB9752AC2F30B002FCB4C /* Assets.xcassets in Resources */,
				2AB833582ACB4731000BC44E /* GoogleService-Info.plist in Resources */,
				2ACEFABD2AD9B5E700A8B942 /* NotificationNonLoginTableViewCell.xib in Resources */,
				2ADCB9732AC2F309002FCB4C /* Main.storyboard in Resources */,
				2ADCB9842ACA7F06002FCB4C /* PostTableViewCell.xib in Resources */,
				2A2FC27B2AF7B205001064C2 /* RecordTableViewCell.xib in Resources */,
				2AB833632ACB5A1F000BC44E /* CommentsTableViewCell.xib in Resources */,
			);
			runOnlyForDeploymentPostprocessing = 0;
		};
/* End PBXResourcesBuildPhase section */

/* Begin PBXSourcesBuildPhase section */
		2ADCB9642AC2F309002FCB4C /* Sources */ = {
			isa = PBXSourcesBuildPhase;
			buildActionMask = 2147483647;
			files = (
				2AB8335E2ACB591D000BC44E /* PostDetailTableViewCell.swift in Sources */,
				2A2FC27D2AF7BE48001064C2 /* RecordListViewController.swift in Sources */,
				2AB611492ACC328500F03623 /* DataManager.swift in Sources */,
				2A9ABDF82ACC2716008CFAFB /* UploadViewController.swift in Sources */,
				2AB833652ACB5CCF000BC44E /* PostDetailViewController.swift in Sources */,
				2A2FC27A2AF7B205001064C2 /* RecordTableViewCell.swift in Sources */,
				2ADCB9702AC2F309002FCB4C /* CommunityViewController.swift in Sources */,
				2AB833562ACB3853000BC44E /* KakaoAuthManager.swift in Sources */,
				2AC756992ACACB5B002CE496 /* LoginManager.swift in Sources */,
				2A9ABDF62ACBE3D5008CFAFB /* PostModel.swift in Sources */,
				2AC756942ACACA4F002CE496 /* MyPageViewController.swift in Sources */,
				2AB9C0612AF12DEC00C1F357 /* NickNameSettingViewModel.swift in Sources */,
				2ADCB96C2AC2F309002FCB4C /* AppDelegate.swift in Sources */,
				2A4EE42C2AD2933F00692E78 /* CommentModel.swift in Sources */,
				2AB611682AD1B66F00F03623 /* UserModel.swift in Sources */,
				2AB9C0642AF1640000C1F357 /* UIViewControllerLoginAlert.swift in Sources */,
				2ACEFABC2AD9B5E700A8B942 /* NotificationNonLoginTableViewCell.swift in Sources */,
				2ACEFAB52AD9B15D00A8B942 /* NotificationViewController.swift in Sources */,
				2AC756962ACACA59002CE496 /* LogInViewController.swift in Sources */,
				2AC756922ACAC9E1002CE496 /* MainTabBarController.swift in Sources */,
				2ADCB96E2AC2F309002FCB4C /* SceneDelegate.swift in Sources */,
				2AD5B64B2AE2A23200F73229 /* PostDetailViewModel.swift in Sources */,
				2ACEFAB82AD9B1A400A8B942 /* NotificationTableViewCell.swift in Sources */,
				2A6ECA282AD5B82E0010F573 /* NickNameSettingViewController.swift in Sources */,
				2ADCB9832ACA7F06002FCB4C /* PostTableViewCell.swift in Sources */,
				2ACEFABF2AD9B69A00A8B942 /* NotificationModel.swift in Sources */,
				2AB833622ACB5A1F000BC44E /* CommentsTableViewCell.swift in Sources */,
			);
			runOnlyForDeploymentPostprocessing = 0;
		};
/* End PBXSourcesBuildPhase section */

/* Begin PBXVariantGroup section */
		2ADCB9712AC2F309002FCB4C /* Main.storyboard */ = {
			isa = PBXVariantGroup;
			children = (
				2ADCB9722AC2F309002FCB4C /* Base */,
				2A4EE42D2AD296A700692E78 /* ko */,
			);
			name = Main.storyboard;
			sourceTree = "<group>";
		};
		2ADCB9762AC2F30B002FCB4C /* LaunchScreen.storyboard */ = {
			isa = PBXVariantGroup;
			children = (
				2ADCB9772AC2F30B002FCB4C /* Base */,
				2A4EE42E2AD296A700692E78 /* ko */,
			);
			name = LaunchScreen.storyboard;
			sourceTree = "<group>";
		};
/* End PBXVariantGroup section */

/* Begin XCBuildConfiguration section */
		2ADCB97A2AC2F30B002FCB4C /* Debug */ = {
			isa = XCBuildConfiguration;
			baseConfigurationReference = 2AB833532ACB2965000BC44E /* Config.xcconfig */;
			buildSettings = {
				ALWAYS_SEARCH_USER_PATHS = NO;
				CLANG_ANALYZER_LOCALIZABILITY_NONLOCALIZED = YES;
				CLANG_ANALYZER_NONNULL = YES;
				CLANG_ANALYZER_NUMBER_OBJECT_CONVERSION = YES_AGGRESSIVE;
				CLANG_CXX_LANGUAGE_STANDARD = "gnu++20";
				CLANG_ENABLE_MODULES = YES;
				CLANG_ENABLE_OBJC_ARC = YES;
				CLANG_ENABLE_OBJC_WEAK = YES;
				CLANG_WARN_BLOCK_CAPTURE_AUTORELEASING = YES;
				CLANG_WARN_BOOL_CONVERSION = YES;
				CLANG_WARN_COMMA = YES;
				CLANG_WARN_CONSTANT_CONVERSION = YES;
				CLANG_WARN_DEPRECATED_OBJC_IMPLEMENTATIONS = YES;
				CLANG_WARN_DIRECT_OBJC_ISA_USAGE = YES_ERROR;
				CLANG_WARN_DOCUMENTATION_COMMENTS = YES;
				CLANG_WARN_EMPTY_BODY = YES;
				CLANG_WARN_ENUM_CONVERSION = YES;
				CLANG_WARN_INFINITE_RECURSION = YES;
				CLANG_WARN_INT_CONVERSION = YES;
				CLANG_WARN_NON_LITERAL_NULL_CONVERSION = YES;
				CLANG_WARN_OBJC_IMPLICIT_RETAIN_SELF = YES;
				CLANG_WARN_OBJC_LITERAL_CONVERSION = YES;
				CLANG_WARN_OBJC_ROOT_CLASS = YES_ERROR;
				CLANG_WARN_QUOTED_INCLUDE_IN_FRAMEWORK_HEADER = YES;
				CLANG_WARN_RANGE_LOOP_ANALYSIS = YES;
				CLANG_WARN_STRICT_PROTOTYPES = YES;
				CLANG_WARN_SUSPICIOUS_MOVE = YES;
				CLANG_WARN_UNGUARDED_AVAILABILITY = YES_AGGRESSIVE;
				CLANG_WARN_UNREACHABLE_CODE = YES;
				CLANG_WARN__DUPLICATE_METHOD_MATCH = YES;
				COPY_PHASE_STRIP = NO;
				DEBUG_INFORMATION_FORMAT = dwarf;
				ENABLE_STRICT_OBJC_MSGSEND = YES;
				ENABLE_TESTABILITY = YES;
				GCC_C_LANGUAGE_STANDARD = gnu11;
				GCC_DYNAMIC_NO_PIC = NO;
				GCC_NO_COMMON_BLOCKS = YES;
				GCC_OPTIMIZATION_LEVEL = 0;
				GCC_PREPROCESSOR_DEFINITIONS = (
					"DEBUG=1",
					"$(inherited)",
				);
				GCC_WARN_64_TO_32_BIT_CONVERSION = YES;
				GCC_WARN_ABOUT_RETURN_TYPE = YES_ERROR;
				GCC_WARN_UNDECLARED_SELECTOR = YES;
				GCC_WARN_UNINITIALIZED_AUTOS = YES_AGGRESSIVE;
				GCC_WARN_UNUSED_FUNCTION = YES;
				GCC_WARN_UNUSED_VARIABLE = YES;
				IPHONEOS_DEPLOYMENT_TARGET = 15.0;
				MTL_ENABLE_DEBUG_INFO = INCLUDE_SOURCE;
				MTL_FAST_MATH = YES;
				ONLY_ACTIVE_ARCH = YES;
				SDKROOT = iphoneos;
				SWIFT_ACTIVE_COMPILATION_CONDITIONS = DEBUG;
				SWIFT_OPTIMIZATION_LEVEL = "-Onone";
			};
			name = Debug;
		};
		2ADCB97B2AC2F30B002FCB4C /* Release */ = {
			isa = XCBuildConfiguration;
			baseConfigurationReference = 2AB833532ACB2965000BC44E /* Config.xcconfig */;
			buildSettings = {
				ALWAYS_SEARCH_USER_PATHS = NO;
				CLANG_ANALYZER_LOCALIZABILITY_NONLOCALIZED = YES;
				CLANG_ANALYZER_NONNULL = YES;
				CLANG_ANALYZER_NUMBER_OBJECT_CONVERSION = YES_AGGRESSIVE;
				CLANG_CXX_LANGUAGE_STANDARD = "gnu++20";
				CLANG_ENABLE_MODULES = YES;
				CLANG_ENABLE_OBJC_ARC = YES;
				CLANG_ENABLE_OBJC_WEAK = YES;
				CLANG_WARN_BLOCK_CAPTURE_AUTORELEASING = YES;
				CLANG_WARN_BOOL_CONVERSION = YES;
				CLANG_WARN_COMMA = YES;
				CLANG_WARN_CONSTANT_CONVERSION = YES;
				CLANG_WARN_DEPRECATED_OBJC_IMPLEMENTATIONS = YES;
				CLANG_WARN_DIRECT_OBJC_ISA_USAGE = YES_ERROR;
				CLANG_WARN_DOCUMENTATION_COMMENTS = YES;
				CLANG_WARN_EMPTY_BODY = YES;
				CLANG_WARN_ENUM_CONVERSION = YES;
				CLANG_WARN_INFINITE_RECURSION = YES;
				CLANG_WARN_INT_CONVERSION = YES;
				CLANG_WARN_NON_LITERAL_NULL_CONVERSION = YES;
				CLANG_WARN_OBJC_IMPLICIT_RETAIN_SELF = YES;
				CLANG_WARN_OBJC_LITERAL_CONVERSION = YES;
				CLANG_WARN_OBJC_ROOT_CLASS = YES_ERROR;
				CLANG_WARN_QUOTED_INCLUDE_IN_FRAMEWORK_HEADER = YES;
				CLANG_WARN_RANGE_LOOP_ANALYSIS = YES;
				CLANG_WARN_STRICT_PROTOTYPES = YES;
				CLANG_WARN_SUSPICIOUS_MOVE = YES;
				CLANG_WARN_UNGUARDED_AVAILABILITY = YES_AGGRESSIVE;
				CLANG_WARN_UNREACHABLE_CODE = YES;
				CLANG_WARN__DUPLICATE_METHOD_MATCH = YES;
				COPY_PHASE_STRIP = NO;
				DEBUG_INFORMATION_FORMAT = "dwarf-with-dsym";
				ENABLE_NS_ASSERTIONS = NO;
				ENABLE_STRICT_OBJC_MSGSEND = YES;
				GCC_C_LANGUAGE_STANDARD = gnu11;
				GCC_NO_COMMON_BLOCKS = YES;
				GCC_WARN_64_TO_32_BIT_CONVERSION = YES;
				GCC_WARN_ABOUT_RETURN_TYPE = YES_ERROR;
				GCC_WARN_UNDECLARED_SELECTOR = YES;
				GCC_WARN_UNINITIALIZED_AUTOS = YES_AGGRESSIVE;
				GCC_WARN_UNUSED_FUNCTION = YES;
				GCC_WARN_UNUSED_VARIABLE = YES;
				IPHONEOS_DEPLOYMENT_TARGET = 15.0;
				MTL_ENABLE_DEBUG_INFO = NO;
				MTL_FAST_MATH = YES;
				SDKROOT = iphoneos;
				SWIFT_COMPILATION_MODE = wholemodule;
				SWIFT_OPTIMIZATION_LEVEL = "-O";
				VALIDATE_PRODUCT = YES;
			};
			name = Release;
		};
		2ADCB97D2AC2F30B002FCB4C /* Debug */ = {
			isa = XCBuildConfiguration;
			baseConfigurationReference = 2AB833532ACB2965000BC44E /* Config.xcconfig */;
			buildSettings = {
				ASSETCATALOG_COMPILER_APPICON_NAME = AppIcon;
				ASSETCATALOG_COMPILER_GLOBAL_ACCENT_COLOR_NAME = AccentColor;
				CODE_SIGN_STYLE = Automatic;
				CURRENT_PROJECT_VERSION = 1;
				DEVELOPMENT_TEAM = 39JATSZXJT;
				GENERATE_INFOPLIST_FILE = YES;
				INFOPLIST_FILE = MuseBite/Info.plist;
				INFOPLIST_KEY_UIApplicationSupportsIndirectInputEvents = YES;
				INFOPLIST_KEY_UILaunchStoryboardName = LaunchScreen;
				INFOPLIST_KEY_UIMainStoryboardFile = Main;
				INFOPLIST_KEY_UISupportedInterfaceOrientations = UIInterfaceOrientationPortrait;
				INFOPLIST_KEY_UISupportedInterfaceOrientations_iPad = "UIInterfaceOrientationLandscapeLeft UIInterfaceOrientationLandscapeRight UIInterfaceOrientationPortrait UIInterfaceOrientationPortraitUpsideDown";
				IPHONEOS_DEPLOYMENT_TARGET = 15.0;
				LD_RUNPATH_SEARCH_PATHS = (
					"$(inherited)",
					"@executable_path/Frameworks",
				);
				MARKETING_VERSION = 1.0;
				PRODUCT_BUNDLE_IDENTIFIER = com.Deok.MuseBite;
				PRODUCT_NAME = "$(TARGET_NAME)";
				SUPPORTED_PLATFORMS = "iphoneos iphonesimulator";
				SUPPORTS_MACCATALYST = NO;
				SUPPORTS_MAC_DESIGNED_FOR_IPHONE_IPAD = NO;
				SWIFT_EMIT_LOC_STRINGS = YES;
				SWIFT_VERSION = 5.0;
				TARGETED_DEVICE_FAMILY = 1;
			};
			name = Debug;
		};
		2ADCB97E2AC2F30B002FCB4C /* Release */ = {
			isa = XCBuildConfiguration;
			baseConfigurationReference = 2AB833532ACB2965000BC44E /* Config.xcconfig */;
			buildSettings = {
				ASSETCATALOG_COMPILER_APPICON_NAME = AppIcon;
				ASSETCATALOG_COMPILER_GLOBAL_ACCENT_COLOR_NAME = AccentColor;
				CODE_SIGN_STYLE = Automatic;
				CURRENT_PROJECT_VERSION = 1;
				DEVELOPMENT_TEAM = 39JATSZXJT;
				GENERATE_INFOPLIST_FILE = YES;
				INFOPLIST_FILE = MuseBite/Info.plist;
				INFOPLIST_KEY_UIApplicationSupportsIndirectInputEvents = YES;
				INFOPLIST_KEY_UILaunchStoryboardName = LaunchScreen;
				INFOPLIST_KEY_UIMainStoryboardFile = Main;
				INFOPLIST_KEY_UISupportedInterfaceOrientations = UIInterfaceOrientationPortrait;
				INFOPLIST_KEY_UISupportedInterfaceOrientations_iPad = "UIInterfaceOrientationLandscapeLeft UIInterfaceOrientationLandscapeRight UIInterfaceOrientationPortrait UIInterfaceOrientationPortraitUpsideDown";
				IPHONEOS_DEPLOYMENT_TARGET = 15.0;
				LD_RUNPATH_SEARCH_PATHS = (
					"$(inherited)",
					"@executable_path/Frameworks",
				);
				MARKETING_VERSION = 1.0;
				PRODUCT_BUNDLE_IDENTIFIER = com.Deok.MuseBite;
				PRODUCT_NAME = "$(TARGET_NAME)";
				SUPPORTED_PLATFORMS = "iphoneos iphonesimulator";
				SUPPORTS_MACCATALYST = NO;
				SUPPORTS_MAC_DESIGNED_FOR_IPHONE_IPAD = NO;
				SWIFT_EMIT_LOC_STRINGS = YES;
				SWIFT_VERSION = 5.0;
				TARGETED_DEVICE_FAMILY = 1;
			};
			name = Release;
		};
/* End XCBuildConfiguration section */

/* Begin XCConfigurationList section */
		2ADCB9632AC2F309002FCB4C /* Build configuration list for PBXProject "MuseBite" */ = {
			isa = XCConfigurationList;
			buildConfigurations = (
				2ADCB97A2AC2F30B002FCB4C /* Debug */,
				2ADCB97B2AC2F30B002FCB4C /* Release */,
			);
			defaultConfigurationIsVisible = 0;
			defaultConfigurationName = Release;
		};
		2ADCB97C2AC2F30B002FCB4C /* Build configuration list for PBXNativeTarget "MuseBite" */ = {
			isa = XCConfigurationList;
			buildConfigurations = (
				2ADCB97D2AC2F30B002FCB4C /* Debug */,
				2ADCB97E2AC2F30B002FCB4C /* Release */,
			);
			defaultConfigurationIsVisible = 0;
			defaultConfigurationName = Release;
		};
/* End XCConfigurationList section */

/* Begin XCRemoteSwiftPackageReference section */
		2AB6115F2ACC42A500F03623 /* XCRemoteSwiftPackageReference "RxSwift" */ = {
			isa = XCRemoteSwiftPackageReference;
			repositoryURL = "https://github.com/ReactiveX/RxSwift.git";
			requirement = {
				kind = upToNextMajorVersion;
				minimumVersion = 6.0.0;
			};
		};
		2AB611642AD02B3A00F03623 /* XCRemoteSwiftPackageReference "SwiftDate" */ = {
			isa = XCRemoteSwiftPackageReference;
			repositoryURL = "https://github.com/malcommac/SwiftDate.git";
			requirement = {
				kind = upToNextMajorVersion;
				minimumVersion = 7.0.0;
			};
		};
		2AB8334C2ACB2584000BC44E /* XCRemoteSwiftPackageReference "kakao-ios-sdk" */ = {
			isa = XCRemoteSwiftPackageReference;
			repositoryURL = "https://github.com/kakao/kakao-ios-sdk";
			requirement = {
				branch = master;
				kind = branch;
			};
		};
		2AB833752ACBE13C000BC44E /* XCRemoteSwiftPackageReference "firebase-ios-sdk" */ = {
			isa = XCRemoteSwiftPackageReference;
			repositoryURL = "https://github.com/firebase/firebase-ios-sdk";
			requirement = {
				kind = upToNextMajorVersion;
				minimumVersion = 10.0.0;
			};
		};
/* End XCRemoteSwiftPackageReference section */

/* Begin XCSwiftPackageProductDependency section */
		2AB611602ACC42A500F03623 /* RxCocoa */ = {
			isa = XCSwiftPackageProductDependency;
			package = 2AB6115F2ACC42A500F03623 /* XCRemoteSwiftPackageReference "RxSwift" */;
			productName = RxCocoa;
		};
		2AB611622ACC42A500F03623 /* RxSwift */ = {
			isa = XCSwiftPackageProductDependency;
			package = 2AB6115F2ACC42A500F03623 /* XCRemoteSwiftPackageReference "RxSwift" */;
			productName = RxSwift;
		};
		2AB611652AD02B3A00F03623 /* SwiftDate */ = {
			isa = XCSwiftPackageProductDependency;
			package = 2AB611642AD02B3A00F03623 /* XCRemoteSwiftPackageReference "SwiftDate" */;
			productName = SwiftDate;
		};
		2AB8334D2ACB2584000BC44E /* KakaoSDKAuth */ = {
			isa = XCSwiftPackageProductDependency;
			package = 2AB8334C2ACB2584000BC44E /* XCRemoteSwiftPackageReference "kakao-ios-sdk" */;
			productName = KakaoSDKAuth;
		};
		2AB8334F2ACB2584000BC44E /* KakaoSDKCommon */ = {
			isa = XCSwiftPackageProductDependency;
			package = 2AB8334C2ACB2584000BC44E /* XCRemoteSwiftPackageReference "kakao-ios-sdk" */;
			productName = KakaoSDKCommon;
		};
		2AB833512ACB2584000BC44E /* KakaoSDKUser */ = {
			isa = XCSwiftPackageProductDependency;
			package = 2AB8334C2ACB2584000BC44E /* XCRemoteSwiftPackageReference "kakao-ios-sdk" */;
			productName = KakaoSDKUser;
		};
		2AB833762ACBE13D000BC44E /* FirebaseAnalytics */ = {
			isa = XCSwiftPackageProductDependency;
			package = 2AB833752ACBE13C000BC44E /* XCRemoteSwiftPackageReference "firebase-ios-sdk" */;
			productName = FirebaseAnalytics;
		};
		2AB833782ACBE13D000BC44E /* FirebaseAuth */ = {
			isa = XCSwiftPackageProductDependency;
			package = 2AB833752ACBE13C000BC44E /* XCRemoteSwiftPackageReference "firebase-ios-sdk" */;
			productName = FirebaseAuth;
		};
		2AB8337A2ACBE13D000BC44E /* FirebaseCrashlytics */ = {
			isa = XCSwiftPackageProductDependency;
			package = 2AB833752ACBE13C000BC44E /* XCRemoteSwiftPackageReference "firebase-ios-sdk" */;
			productName = FirebaseCrashlytics;
		};
		2AB8337C2ACBE13D000BC44E /* FirebaseDynamicLinks */ = {
			isa = XCSwiftPackageProductDependency;
			package = 2AB833752ACBE13C000BC44E /* XCRemoteSwiftPackageReference "firebase-ios-sdk" */;
			productName = FirebaseDynamicLinks;
		};
		2AB8337E2ACBE13D000BC44E /* FirebaseFirestore */ = {
			isa = XCSwiftPackageProductDependency;
			package = 2AB833752ACBE13C000BC44E /* XCRemoteSwiftPackageReference "firebase-ios-sdk" */;
			productName = FirebaseFirestore;
		};
		2AB833802ACBE13D000BC44E /* FirebaseInAppMessaging-Beta */ = {
			isa = XCSwiftPackageProductDependency;
			package = 2AB833752ACBE13C000BC44E /* XCRemoteSwiftPackageReference "firebase-ios-sdk" */;
			productName = "FirebaseInAppMessaging-Beta";
		};
		2AB833822ACBE13D000BC44E /* FirebaseMessaging */ = {
			isa = XCSwiftPackageProductDependency;
			package = 2AB833752ACBE13C000BC44E /* XCRemoteSwiftPackageReference "firebase-ios-sdk" */;
			productName = FirebaseMessaging;
		};
		2AB833842ACBE13D000BC44E /* FirebaseRemoteConfig */ = {
			isa = XCSwiftPackageProductDependency;
			package = 2AB833752ACBE13C000BC44E /* XCRemoteSwiftPackageReference "firebase-ios-sdk" */;
			productName = FirebaseRemoteConfig;
		};
		2AB833862ACBE13D000BC44E /* FirebaseStorage */ = {
			isa = XCSwiftPackageProductDependency;
			package = 2AB833752ACBE13C000BC44E /* XCRemoteSwiftPackageReference "firebase-ios-sdk" */;
			productName = FirebaseStorage;
		};
/* End XCSwiftPackageProductDependency section */
	};
	rootObject = 2ADCB9602AC2F309002FCB4C /* Project object */;
}
